
Microsoft Visual Studio Solution File, Format Version 12.00
# Visual Studio Version 17
VisualStudioVersion = 17.5.33516.290
MinimumVisualStudioVersion = 10.0.40219.1
Project("{FAE04EC0-301F-11D3-BF4B-00C04F79EFBC}") = "SmartFormatTester", "SmartFormatTester.csproj", "{4BAE1DEB-347E-4652-9264-743E00ACF46B}"
EndProject
Project("{E53339B2-1760-4266-BCC7-CA923CBCF16C}") = "docker-compose", "docker-compose.dcproj", "{00FA2A28-4821-4C8F-B971-1F74E3E111BE}"
EndProject
Global
	GlobalSection(SolutionConfigurationPlatforms) = preSolution
		Debug|Any CPU = Debug|Any CPU
		Release|Any CPU = Release|Any CPU
	EndGlobalSection
	GlobalSection(ProjectConfigurationPlatforms) = postSolution
		{4BAE1DEB-347E-4652-9264-743E00ACF46B}.Debug|Any CPU.ActiveCfg = Debug|Any CPU
		{4BAE1DEB-347E-4652-9264-743E00ACF46B}.Debug|Any CPU.Build.0 = Debug|Any CPU
		{4BAE1DEB-347E-4652-9264-743E00ACF46B}.Release|Any CPU.ActiveCfg = Release|Any CPU
		{4BAE1DEB-347E-4652-9264-743E00ACF46B}.Release|Any CPU.Build.0 = Release|Any CPU
		{00FA2A28-4821-4C8F-B971-1F74E3E111BE}.Debug|Any CPU.ActiveCfg = Debug|Any CPU
		{00FA2A28-4821-4C8F-B971-1F74E3E111BE}.Debug|Any CPU.Build.0 = Debug|Any CPU
		{00FA2A28-4821-4C8F-B971-1F74E3E111BE}.Release|Any CPU.ActiveCfg = Release|Any CPU
		{00FA2A28-4821-4C8F-B971-1F74E3E111BE}.Release|Any CPU.Build.0 = Release|Any CPU
	EndGlobalSection
	GlobalSection(SolutionProperties) = preSolution
		HideSolutionNode = FALSE
	EndGlobalSection
	GlobalSection(ExtensibilityGlobals) = postSolution
		SolutionGuid = {456CD7E6-15AB-438D-AA39-5119C2970617}
	EndGlobalSection
EndGlobal
